// !$*UTF8*$!
{
	archiveVersion = 1;
	classes = {
	};
	objectVersion = 50;
	objects = {

/* Begin PBXBuildFile section */
		46CF5AEB045C4312419DC508 /* Pods_imgur.framework in Frameworks */ = {isa = PBXBuildFile; fileRef = B7FEA0E522A2C39858C6D5BB /* Pods_imgur.framework */; };
		9805104021709F4F0042F0CC /* DetailViewController.swift in Sources */ = {isa = PBXBuildFile; fileRef = 9805103F21709F4F0042F0CC /* DetailViewController.swift */; };
		9840C6742173C225001BAD75 /* ImageJSON.swift in Sources */ = {isa = PBXBuildFile; fileRef = 9840C6732173C225001BAD75 /* ImageJSON.swift */; };
		9863AACE21752A4E00ECD3B0 /* ImageLoad.swift in Sources */ = {isa = PBXBuildFile; fileRef = 9863AACD21752A4E00ECD3B0 /* ImageLoad.swift */; };
		9867B5D7216FCE8D00D17C96 /* AppDelegate.swift in Sources */ = {isa = PBXBuildFile; fileRef = 9867B5D6216FCE8D00D17C96 /* AppDelegate.swift */; };
		9867B5D9216FCE8D00D17C96 /* ViewController.swift in Sources */ = {isa = PBXBuildFile; fileRef = 9867B5D8216FCE8D00D17C96 /* ViewController.swift */; };
		9867B5DC216FCE8D00D17C96 /* Main.storyboard in Resources */ = {isa = PBXBuildFile; fileRef = 9867B5DA216FCE8D00D17C96 /* Main.storyboard */; };
		9867B5DE216FCE8F00D17C96 /* Assets.xcassets in Resources */ = {isa = PBXBuildFile; fileRef = 9867B5DD216FCE8F00D17C96 /* Assets.xcassets */; };
		9867B5E1216FCE8F00D17C96 /* LaunchScreen.storyboard in Resources */ = {isa = PBXBuildFile; fileRef = 9867B5DF216FCE8F00D17C96 /* LaunchScreen.storyboard */; };
		9867B5E9216FCFC400D17C96 /* ImageCollectionViewCell.swift in Sources */ = {isa = PBXBuildFile; fileRef = 9867B5E8216FCFC400D17C96 /* ImageCollectionViewCell.swift */; };
/* End PBXBuildFile section */

/* Begin PBXFileReference section */
		0BC73052F1EB971CEB6525CE /* Pods-imgur.debug.xcconfig */ = {isa = PBXFileReference; includeInIndex = 1; lastKnownFileType = text.xcconfig; name = "Pods-imgur.debug.xcconfig"; path = "Pods/Target Support Files/Pods-imgur/Pods-imgur.debug.xcconfig"; sourceTree = "<group>"; };
		9805103F21709F4F0042F0CC /* DetailViewController.swift */ = {isa = PBXFileReference; lastKnownFileType = sourcecode.swift; path = DetailViewController.swift; sourceTree = "<group>"; };
		9840C6732173C225001BAD75 /* ImageJSON.swift */ = {isa = PBXFileReference; lastKnownFileType = sourcecode.swift; path = ImageJSON.swift; sourceTree = "<group>"; };
		9863AACD21752A4E00ECD3B0 /* ImageLoad.swift */ = {isa = PBXFileReference; lastKnownFileType = sourcecode.swift; path = ImageLoad.swift; sourceTree = "<group>"; };
		9867B5D3216FCE8D00D17C96 /* imgur.app */ = {isa = PBXFileReference; explicitFileType = wrapper.application; includeInIndex = 0; path = imgur.app; sourceTree = BUILT_PRODUCTS_DIR; };
		9867B5D6216FCE8D00D17C96 /* AppDelegate.swift */ = {isa = PBXFileReference; lastKnownFileType = sourcecode.swift; path = AppDelegate.swift; sourceTree = "<group>"; };
		9867B5D8216FCE8D00D17C96 /* ViewController.swift */ = {isa = PBXFileReference; lastKnownFileType = sourcecode.swift; path = ViewController.swift; sourceTree = "<group>"; };
		9867B5DB216FCE8D00D17C96 /* Base */ = {isa = PBXFileReference; lastKnownFileType = file.storyboard; name = Base; path = Base.lproj/Main.storyboard; sourceTree = "<group>"; };
		9867B5DD216FCE8F00D17C96 /* Assets.xcassets */ = {isa = PBXFileReference; lastKnownFileType = folder.assetcatalog; path = Assets.xcassets; sourceTree = "<group>"; };
		9867B5E0216FCE8F00D17C96 /* Base */ = {isa = PBXFileReference; lastKnownFileType = file.storyboard; name = Base; path = Base.lproj/LaunchScreen.storyboard; sourceTree = "<group>"; };
		9867B5E2216FCE8F00D17C96 /* Info.plist */ = {isa = PBXFileReference; lastKnownFileType = text.plist.xml; path = Info.plist; sourceTree = "<group>"; };
		9867B5E8216FCFC400D17C96 /* ImageCollectionViewCell.swift */ = {isa = PBXFileReference; lastKnownFileType = sourcecode.swift; path = ImageCollectionViewCell.swift; sourceTree = "<group>"; };
		B7FEA0E522A2C39858C6D5BB /* Pods_imgur.framework */ = {isa = PBXFileReference; explicitFileType = wrapper.framework; includeInIndex = 0; path = Pods_imgur.framework; sourceTree = BUILT_PRODUCTS_DIR; };
		DF7DF657396DE88B0C0DBDDE /* Pods-imgur.release.xcconfig */ = {isa = PBXFileReference; includeInIndex = 1; lastKnownFileType = text.xcconfig; name = "Pods-imgur.release.xcconfig"; path = "Pods/Target Support Files/Pods-imgur/Pods-imgur.release.xcconfig"; sourceTree = "<group>"; };
/* End PBXFileReference section */

/* Begin PBXFrameworksBuildPhase section */
		9867B5D0216FCE8D00D17C96 /* Frameworks */ = {
			isa = PBXFrameworksBuildPhase;
			buildActionMask = 2147483647;
			files = (
				46CF5AEB045C4312419DC508 /* Pods_imgur.framework in Frameworks */,
			);
			runOnlyForDeploymentPostprocessing = 0;
		};
/* End PBXFrameworksBuildPhase section */

/* Begin PBXGroup section */
		115F6ECD4879654556859AB0 /* Pods */ = {
			isa = PBXGroup;
			children = (
				0BC73052F1EB971CEB6525CE /* Pods-imgur.debug.xcconfig */,
				DF7DF657396DE88B0C0DBDDE /* Pods-imgur.release.xcconfig */,
			);
			name = Pods;
			sourceTree = "<group>";
		};
		978A27501BD25A273E2E0A72 /* Frameworks */ = {
			isa = PBXGroup;
			children = (
				B7FEA0E522A2C39858C6D5BB /* Pods_imgur.framework */,
			);
			name = Frameworks;
			sourceTree = "<group>";
		};
		9867B5CA216FCE8D00D17C96 = {
			isa = PBXGroup;
			children = (
				9867B5D5216FCE8D00D17C96 /* imgur */,
				9867B5D4216FCE8D00D17C96 /* Products */,
				115F6ECD4879654556859AB0 /* Pods */,
				978A27501BD25A273E2E0A72 /* Frameworks */,
			);
			sourceTree = "<group>";
		};
		9867B5D4216FCE8D00D17C96 /* Products */ = {
			isa = PBXGroup;
			children = (
				9867B5D3216FCE8D00D17C96 /* imgur.app */,
			);
			name = Products;
			sourceTree = "<group>";
		};
		9867B5D5216FCE8D00D17C96 /* imgur */ = {
			isa = PBXGroup;
			children = (
				9867B5D6216FCE8D00D17C96 /* AppDelegate.swift */,
				9867B5D8216FCE8D00D17C96 /* ViewController.swift */,
				9805103F21709F4F0042F0CC /* DetailViewController.swift */,
				9863AACD21752A4E00ECD3B0 /* ImageLoad.swift */,
				9840C6732173C225001BAD75 /* ImageJSON.swift */,
				9867B5E8216FCFC400D17C96 /* ImageCollectionViewCell.swift */,
				9867B5DA216FCE8D00D17C96 /* Main.storyboard */,
				9867B5DD216FCE8F00D17C96 /* Assets.xcassets */,
				9867B5DF216FCE8F00D17C96 /* LaunchScreen.storyboard */,
				9867B5E2216FCE8F00D17C96 /* Info.plist */,
			);
			path = imgur;
			sourceTree = "<group>";
		};
/* End PBXGroup section */

/* Begin PBXNativeTarget section */
		9867B5D2216FCE8D00D17C96 /* imgur */ = {
			isa = PBXNativeTarget;
			buildConfigurationList = 9867B5E5216FCE8F00D17C96 /* Build configuration list for PBXNativeTarget "imgur" */;
			buildPhases = (
				6C4F702165835B0E6EC437EE /* [CP] Check Pods Manifest.lock */,
				9867B5CF216FCE8D00D17C96 /* Sources */,
				9867B5D0216FCE8D00D17C96 /* Frameworks */,
				9867B5D1216FCE8D00D17C96 /* Resources */,
				F9A12420FF9834E8D78C33A8 /* [CP] Embed Pods Frameworks */,
			);
			buildRules = (
			);
			dependencies = (
			);
			name = imgur;
			productName = imgur;
			productReference = 9867B5D3216FCE8D00D17C96 /* imgur.app */;
			productType = "com.apple.product-type.application";
		};
/* End PBXNativeTarget section */

/* Begin PBXProject section */
		9867B5CB216FCE8D00D17C96 /* Project object */ = {
			isa = PBXProject;
			attributes = {
				LastSwiftUpdateCheck = 1000;
				LastUpgradeCheck = 1000;
				ORGANIZATIONNAME = "Alexandr Kurdyukov";
				TargetAttributes = {
					9867B5D2216FCE8D00D17C96 = {
						CreatedOnToolsVersion = 10.0;
					};
				};
			};
			buildConfigurationList = 9867B5CE216FCE8D00D17C96 /* Build configuration list for PBXProject "imgur" */;
			compatibilityVersion = "Xcode 9.3";
			developmentRegion = en;
			hasScannedForEncodings = 0;
			knownRegions = (
				en,
				Base,
			);
			mainGroup = 9867B5CA216FCE8D00D17C96;
			productRefGroup = 9867B5D4216FCE8D00D17C96 /* Products */;
			projectDirPath = "";
			projectRoot = "";
			targets = (
				9867B5D2216FCE8D00D17C96 /* imgur */,
			);
		};
/* End PBXProject section */

/* Begin PBXResourcesBuildPhase section */
		9867B5D1216FCE8D00D17C96 /* Resources */ = {
			isa = PBXResourcesBuildPhase;
			buildActionMask = 2147483647;
			files = (
				9867B5E1216FCE8F00D17C96 /* LaunchScreen.storyboard in Resources */,
				9867B5DE216FCE8F00D17C96 /* Assets.xcassets in Resources */,
				9867B5DC216FCE8D00D17C96 /* Main.storyboard in Resources */,
			);
			runOnlyForDeploymentPostprocessing = 0;
		};
/* End PBXResourcesBuildPhase section */

/* Begin PBXShellScriptBuildPhase section */
		6C4F702165835B0E6EC437EE /* [CP] Check Pods Manifest.lock */ = {
			isa = PBXShellScriptBuildPhase;
			buildActionMask = 2147483647;
			files = (
			);
			inputFileListPaths = (
			);
			inputPaths = (
				"${PODS_PODFILE_DIR_PATH}/Podfile.lock",
				"${PODS_ROOT}/Manifest.lock",
			);
			name = "[CP] Check Pods Manifest.lock";
			outputFileListPaths = (
			);
			outputPaths = (
				"$(DERIVED_FILE_DIR)/Pods-imgur-checkManifestLockResult.txt",
			);
			runOnlyForDeploymentPostprocessing = 0;
			shellPath = /bin/sh;
			shellScript = "diff \"${PODS_PODFILE_DIR_PATH}/Podfile.lock\" \"${PODS_ROOT}/Manifest.lock\" > /dev/null\nif [ $? != 0 ] ; then\n    # print error to STDERR\n    echo \"error: The sandbox is not in sync with the Podfile.lock. Run 'pod install' or update your CocoaPods installation.\" >&2\n    exit 1\nfi\n# This output is used by Xcode 'outputs' to avoid re-running this script phase.\necho \"SUCCESS\" > \"${SCRIPT_OUTPUT_FILE_0}\"\n";
			showEnvVarsInLog = 0;
		};
		F9A12420FF9834E8D78C33A8 /* [CP] Embed Pods Frameworks */ = {
			isa = PBXShellScriptBuildPhase;
			buildActionMask = 2147483647;
			files = (
			);
			inputFileListPaths = (
			);
			inputPaths = (
				"${SRCROOT}/Pods/Target Support Files/Pods-imgur/Pods-imgur-frameworks.sh",
				"${BUILT_PRODUCTS_DIR}/Alamofire/Alamofire.framework",
				"${BUILT_PRODUCTS_DIR}/SwiftyJSON/SwiftyJSON.framework",
			);
			name = "[CP] Embed Pods Frameworks";
			outputFileListPaths = (
			);
			outputPaths = (
				"${TARGET_BUILD_DIR}/${FRAMEWORKS_FOLDER_PATH}/Alamofire.framework",
				"${TARGET_BUILD_DIR}/${FRAMEWORKS_FOLDER_PATH}/SwiftyJSON.framework",
			);
			runOnlyForDeploymentPostprocessing = 0;
			shellPath = /bin/sh;
			shellScript = "\"${SRCROOT}/Pods/Target Support Files/Pods-imgur/Pods-imgur-frameworks.sh\"\n";
			showEnvVarsInLog = 0;
		};
/* End PBXShellScriptBuildPhase section */

/* Begin PBXSourcesBuildPhase section */
		9867B5CF216FCE8D00D17C96 /* Sources */ = {
			isa = PBXSourcesBuildPhase;
			buildActionMask = 2147483647;
			files = (
				9840C6742173C225001BAD75 /* ImageJSON.swift in Sources */,
				9867B5E9216FCFC400D17C96 /* ImageCollectionViewCell.swift in Sources */,
				9867B5D9216FCE8D00D17C96 /* ViewController.swift in Sources */,
				9867B5D7216FCE8D00D17C96 /* AppDelegate.swift in Sources */,
				9805104021709F4F0042F0CC /* DetailViewController.swift in Sources */,
				9863AACE21752A4E00ECD3B0 /* ImageLoad.swift in Sources */,
			);
			runOnlyForDeploymentPostprocessing = 0;
		};
/* End PBXSourcesBuildPhase section */

/* Begin PBXVariantGroup section */
		9867B5DA216FCE8D00D17C96 /* Main.storyboard */ = {
			isa = PBXVariantGroup;
			children = (
				9867B5DB216FCE8D00D17C96 /* Base */,
			);
			name = Main.storyboard;
			sourceTree = "<group>";
		};
		9867B5DF216FCE8F00D17C96 /* LaunchScreen.storyboard */ = {
			isa = PBXVariantGroup;
			children = (
				9867B5E0216FCE8F00D17C96 /* Base */,
			);
			name = LaunchScreen.storyboard;
			sourceTree = "<group>";
		};
/* End PBXVariantGroup section */

/* Begin XCBuildConfiguration section */
		9867B5E3216FCE8F00D17C96 /* Debug */ = {
			isa = XCBuildConfiguration;
			buildSettings = {
				ALWAYS_SEARCH_USER_PATHS = NO;
				CLANG_ANALYZER_NONNULL = YES;
				CLANG_ANALYZER_NUMBER_OBJECT_CONVERSION = YES_AGGRESSIVE;
				CLANG_CXX_LANGUAGE_STANDARD = "gnu++14";
				CLANG_CXX_LIBRARY = "libc++";
				CLANG_ENABLE_MODULES = YES;
				CLANG_ENABLE_OBJC_ARC = YES;
				CLANG_ENABLE_OBJC_WEAK = YES;
				CLANG_WARN_BLOCK_CAPTURE_AUTORELEASING = YES;
				CLANG_WARN_BOOL_CONVERSION = YES;
				CLANG_WARN_COMMA = YES;
				CLANG_WARN_CONSTANT_CONVERSION = YES;
				CLANG_WARN_DEPRECATED_OBJC_IMPLEMENTATIONS = YES;
				CLANG_WARN_DIRECT_OBJC_ISA_USAGE = YES_ERROR;
				CLANG_WARN_DOCUMENTATION_COMMENTS = YES;
				CLANG_WARN_EMPTY_BODY = YES;
				CLANG_WARN_ENUM_CONVERSION = YES;
				CLANG_WARN_INFINITE_RECURSION = YES;
				CLANG_WARN_INT_CONVERSION = YES;
				CLANG_WARN_NON_LITERAL_NULL_CONVERSION = YES;
				CLANG_WARN_OBJC_IMPLICIT_RETAIN_SELF = YES;
				CLANG_WARN_OBJC_LITERAL_CONVERSION = YES;
				CLANG_WARN_OBJC_ROOT_CLASS = YES_ERROR;
				CLANG_WARN_RANGE_LOOP_ANALYSIS = YES;
				CLANG_WARN_STRICT_PROTOTYPES = YES;
				CLANG_WARN_SUSPICIOUS_MOVE = YES;
				CLANG_WARN_UNGUARDED_AVAILABILITY = YES_AGGRESSIVE;
				CLANG_WARN_UNREACHABLE_CODE = YES;
				CLANG_WARN__DUPLICATE_METHOD_MATCH = YES;
				CODE_SIGN_IDENTITY = "iPhone Developer";
				COPY_PHASE_STRIP = NO;
				DEBUG_INFORMATION_FORMAT = dwarf;
				ENABLE_STRICT_OBJC_MSGSEND = YES;
				ENABLE_TESTABILITY = YES;
				GCC_C_LANGUAGE_STANDARD = gnu11;
				GCC_DYNAMIC_NO_PIC = NO;
				GCC_NO_COMMON_BLOCKS = YES;
				GCC_OPTIMIZATION_LEVEL = 0;
				GCC_PREPROCESSOR_DEFINITIONS = (
					"DEBUG=1",
					"$(inherited)",
				);
				GCC_WARN_64_TO_32_BIT_CONVERSION = YES;
				GCC_WARN_ABOUT_RETURN_TYPE = YES_ERROR;
				GCC_WARN_UNDECLARED_SELECTOR = YES;
				GCC_WARN_UNINITIALIZED_AUTOS = YES_AGGRESSIVE;
				GCC_WARN_UNUSED_FUNCTION = YES;
				GCC_WARN_UNUSED_VARIABLE = YES;
				IPHONEOS_DEPLOYMENT_TARGET = 12.0;
				MTL_ENABLE_DEBUG_INFO = INCLUDE_SOURCE;
				MTL_FAST_MATH = YES;
				ONLY_ACTIVE_ARCH = YES;
				SDKROOT = iphoneos;
				SWIFT_ACTIVE_COMPILATION_CONDITIONS = DEBUG;
				SWIFT_OPTIMIZATION_LEVEL = "-Onone";
			};
			name = Debug;
		};
		9867B5E4216FCE8F00D17C96 /* Release */ = {
			isa = XCBuildConfiguration;
			buildSettings = {
				ALWAYS_SEARCH_USER_PATHS = NO;
				CLANG_ANALYZER_NONNULL = YES;
				CLANG_ANALYZER_NUMBER_OBJECT_CONVERSION = YES_AGGRESSIVE;
				CLANG_CXX_LANGUAGE_STANDARD = "gnu++14";
				CLANG_CXX_LIBRARY = "libc++";
				CLANG_ENABLE_MODULES = YES;
				CLANG_ENABLE_OBJC_ARC = YES;
				CLANG_ENABLE_OBJC_WEAK = YES;
				CLANG_WARN_BLOCK_CAPTURE_AUTORELEASING = YES;
				CLANG_WARN_BOOL_CONVERSION = YES;
				CLANG_WARN_COMMA = YES;
				CLANG_WARN_CONSTANT_CONVERSION = YES;
				CLANG_WARN_DEPRECATED_OBJC_IMPLEMENTATIONS = YES;
				CLANG_WARN_DIRECT_OBJC_ISA_USAGE = YES_ERROR;
				CLANG_WARN_DOCUMENTATION_COMMENTS = YES;
				CLANG_WARN_EMPTY_BODY = YES;
				CLANG_WARN_ENUM_CONVERSION = YES;
				CLANG_WARN_INFINITE_RECURSION = YES;
				CLANG_WARN_INT_CONVERSION = YES;
				CLANG_WARN_NON_LITERAL_NULL_CONVERSION = YES;
				CLANG_WARN_OBJC_IMPLICIT_RETAIN_SELF = YES;
				CLANG_WARN_OBJC_LITERAL_CONVERSION = YES;
				CLANG_WARN_OBJC_ROOT_CLASS = YES_ERROR;
				CLANG_WARN_RANGE_LOOP_ANALYSIS = YES;
				CLANG_WARN_STRICT_PROTOTYPES = YES;
				CLANG_WARN_SUSPICIOUS_MOVE = YES;
				CLANG_WARN_UNGUARDED_AVAILABILITY = YES_AGGRESSIVE;
				CLANG_WARN_UNREACHABLE_CODE = YES;
				CLANG_WARN__DUPLICATE_METHOD_MATCH = YES;
				CODE_SIGN_IDENTITY = "iPhone Developer";
				COPY_PHASE_STRIP = NO;
				DEBUG_INFORMATION_FORMAT = "dwarf-with-dsym";
				ENABLE_NS_ASSERTIONS = NO;
				ENABLE_STRICT_OBJC_MSGSEND = YES;
				GCC_C_LANGUAGE_STANDARD = gnu11;
				GCC_NO_COMMON_BLOCKS = YES;
				GCC_WARN_64_TO_32_BIT_CONVERSION = YES;
				GCC_WARN_ABOUT_RETURN_TYPE = YES_ERROR;
				GCC_WARN_UNDECLARED_SELECTOR = YES;
				GCC_WARN_UNINITIALIZED_AUTOS = YES_AGGRESSIVE;
				GCC_WARN_UNUSED_FUNCTION = YES;
				GCC_WARN_UNUSED_VARIABLE = YES;
				IPHONEOS_DEPLOYMENT_TARGET = 12.0;
				MTL_ENABLE_DEBUG_INFO = NO;
				MTL_FAST_MATH = YES;
				SDKROOT = iphoneos;
				SWIFT_COMPILATION_MODE = wholemodule;
				SWIFT_OPTIMIZATION_LEVEL = "-O";
				VALIDATE_PRODUCT = YES;
			};
			name = Release;
		};
		9867B5E6216FCE8F00D17C96 /* Debug */ = {
			isa = XCBuildConfiguration;
			baseConfigurationReference = 0BC73052F1EB971CEB6525CE /* Pods-imgur.debug.xcconfig */;
			buildSettings = {
				ASSETCATALOG_COMPILER_APPICON_NAME = AppIcon;
				CODE_SIGN_STYLE = Automatic;
				DEVELOPMENT_TEAM = UJQQSG4T4A;
				INFOPLIST_FILE = imgur/Info.plist;
				LD_RUNPATH_SEARCH_PATHS = (
					"$(inherited)",
					"@executable_path/Frameworks",
				);
				PRODUCT_BUNDLE_IDENTIFIER = nil.imgur;
				PRODUCT_NAME = "$(TARGET_NAME)";
				SWIFT_VERSION = 4.2;
				TARGETED_DEVICE_FAMILY = "1,2";
			};
			name = Debug;
		};
		9867B5E7216FCE8F00D17C96 /* Release */ = {
			isa = XCBuildConfiguration;
			baseConfigurationReference = DF7DF657396DE88B0C0DBDDE /* Pods-imgur.release.xcconfig */;
			buildSettings = {
				ASSETCATALOG_COMPILER_APPICON_NAME = AppIcon;
				CODE_SIGN_STYLE = Automatic;
				DEVELOPMENT_TEAM = UJQQSG4T4A;
				INFOPLIST_FILE = imgur/Info.plist;
				LD_RUNPATH_SEARCH_PATHS = (
					"$(inherited)",
					"@executable_path/Frameworks",
				);
				PRODUCT_BUNDLE_IDENTIFIER = nil.imgur;
				PRODUCT_NAME = "$(TARGET_NAME)";
				SWIFT_VERSION = 4.2;
				TARGETED_DEVICE_FAMILY = "1,2";
			};
			name = Release;
		};
/* End XCBuildConfiguration section */

/* Begin XCConfigurationList section */
		9867B5CE216FCE8D00D17C96 /* Build configuration list for PBXProject "imgur" */ = {
			isa = XCConfigurationList;
			buildConfigurations = (
				9867B5E3216FCE8F00D17C96 /* Debug */,
				9867B5E4216FCE8F00D17C96 /* Release */,
			);
			defaultConfigurationIsVisible = 0;
			defaultConfigurationName = Release;
		};
		9867B5E5216FCE8F00D17C96 /* Build configuration list for PBXNativeTarget "imgur" */ = {
			isa = XCConfigurationList;
			buildConfigurations = (
				9867B5E6216FCE8F00D17C96 /* Debug */,
				9867B5E7216FCE8F00D17C96 /* Release */,
			);
			defaultConfigurationIsVisible = 0;
			defaultConfigurationName = Release;
		};
/* End XCConfigurationList section */
	};
	rootObject = 9867B5CB216FCE8D00D17C96 /* Project object */;
}
